
Microsoft Visual Studio Solution File, Format Version 12.00
# Visual Studio Version 16
VisualStudioVersion = 16.0.30011.22
MinimumVisualStudioVersion = 10.0.40219.1
Project("{FAE04EC0-301F-11D3-BF4B-00C04F79EFBC}") = "ContadorDePalabras", "ContadorDePalabras\ContadorDePalabras.csproj", "{3E41501B-D845-4F50-90FC-F439B7D67032}"
EndProject
Global
	GlobalSection(SolutionConfigurationPlatforms) = preSolution
		Debug|Any CPU = Debug|Any CPU
		Release|Any CPU = Release|Any CPU
	EndGlobalSection
	GlobalSection(ProjectConfigurationPlatforms) = postSolution
		{3E41501B-D845-4F50-90FC-F439B7D67032}.Debug|Any CPU.ActiveCfg = Debug|Any CPU
		{3E41501B-D845-4F50-90FC-F439B7D67032}.Debug|Any CPU.Build.0 = Debug|Any CPU
		{3E41501B-D845-4F50-90FC-F439B7D67032}.Release|Any CPU.ActiveCfg = Release|Any CPU
		{3E41501B-D845-4F50-90FC-F439B7D67032}.Release|Any CPU.Build.0 = Release|Any CPU
	EndGlobalSection
	GlobalSection(SolutionProperties) = preSolution
		HideSolutionNode = FALSE
	EndGlobalSection
	GlobalSection(ExtensibilityGlobals) = postSolution
		SolutionGuid = {0EFA3EB3-6C46-4246-B71A-1CDBE460DF9C}
	EndGlobalSection
EndGlobal
